// !$*UTF8*$!
{
	archiveVersion = 1;
	classes = {
	};
	objectVersion = 56;
	objects = {

/* Begin PBXBuildFile section */
		04BE0D8F29B38CDA00A3D152 /* AppDelegate.swift in Sources */ = {isa = PBXBuildFile; fileRef = 04BE0D8E29B38CDA00A3D152 /* AppDelegate.swift */; };
		04BE0D9129B38CDA00A3D152 /* SceneDelegate.swift in Sources */ = {isa = PBXBuildFile; fileRef = 04BE0D9029B38CDA00A3D152 /* SceneDelegate.swift */; };
		04BE0D9329B38CDA00A3D152 /* AnimalViewController.swift in Sources */ = {isa = PBXBuildFile; fileRef = 04BE0D9229B38CDA00A3D152 /* AnimalViewController.swift */; };
		04BE0D9829B38CDB00A3D152 /* Assets.xcassets in Resources */ = {isa = PBXBuildFile; fileRef = 04BE0D9729B38CDB00A3D152 /* Assets.xcassets */; };
		04BE0D9B29B38CDB00A3D152 /* LaunchScreen.storyboard in Resources */ = {isa = PBXBuildFile; fileRef = 04BE0D9929B38CDB00A3D152 /* LaunchScreen.storyboard */; };
		04BE0DA329B38F6900A3D152 /* HTTPClient.swift in Sources */ = {isa = PBXBuildFile; fileRef = 04BE0DA229B38F6900A3D152 /* HTTPClient.swift */; };
		04BE0DA529B38F8F00A3D152 /* NetworkError.swift in Sources */ = {isa = PBXBuildFile; fileRef = 04BE0DA429B38F8F00A3D152 /* NetworkError.swift */; };
		04BE0DA729B3907F00A3D152 /* AnimalService.swift in Sources */ = {isa = PBXBuildFile; fileRef = 04BE0DA629B3907F00A3D152 /* AnimalService.swift */; };
		04BE0DA929B3964B00A3D152 /* AnimalMapper.swift in Sources */ = {isa = PBXBuildFile; fileRef = 04BE0DA829B3964B00A3D152 /* AnimalMapper.swift */; };
		04BE0DAB29B3A30300A3D152 /* Animal.swift in Sources */ = {isa = PBXBuildFile; fileRef = 04BE0DAA29B3A30300A3D152 /* Animal.swift */; };
		04BE0DB029B48A6400A3D152 /* AnimalPresenter.swift in Sources */ = {isa = PBXBuildFile; fileRef = 04BE0DAF29B48A6400A3D152 /* AnimalPresenter.swift */; };
		04BE0DB229B4914600A3D152 /* AnimalCell.swift in Sources */ = {isa = PBXBuildFile; fileRef = 04BE0DB129B4914600A3D152 /* AnimalCell.swift */; };
		04BE0DB529B494A700A3D152 /* SDWebImage in Frameworks */ = {isa = PBXBuildFile; productRef = 04BE0DB429B494A700A3D152 /* SDWebImage */; };
		04BE0DB929B4B30F00A3D152 /* AnimalEndPoint.swift in Sources */ = {isa = PBXBuildFile; fileRef = 04BE0DB829B4B30F00A3D152 /* AnimalEndPoint.swift */; };
		04BE0DBB29B4B41000A3D152 /* Constants.swift in Sources */ = {isa = PBXBuildFile; fileRef = 04BE0DBA29B4B41000A3D152 /* Constants.swift */; };
/* End PBXBuildFile section */

/* Begin PBXFileReference section */
		04BE0D8B29B38CDA00A3D152 /* Animal Crossing MVP.app */ = {isa = PBXFileReference; explicitFileType = wrapper.application; includeInIndex = 0; path = "Animal Crossing MVP.app"; sourceTree = BUILT_PRODUCTS_DIR; };
		04BE0D8E29B38CDA00A3D152 /* AppDelegate.swift */ = {isa = PBXFileReference; lastKnownFileType = sourcecode.swift; path = AppDelegate.swift; sourceTree = "<group>"; };
		04BE0D9029B38CDA00A3D152 /* SceneDelegate.swift */ = {isa = PBXFileReference; lastKnownFileType = sourcecode.swift; path = SceneDelegate.swift; sourceTree = "<group>"; };
		04BE0D9229B38CDA00A3D152 /* AnimalViewController.swift */ = {isa = PBXFileReference; lastKnownFileType = sourcecode.swift; path = AnimalViewController.swift; sourceTree = "<group>"; };
		04BE0D9729B38CDB00A3D152 /* Assets.xcassets */ = {isa = PBXFileReference; lastKnownFileType = folder.assetcatalog; path = Assets.xcassets; sourceTree = "<group>"; };
		04BE0D9A29B38CDB00A3D152 /* Base */ = {isa = PBXFileReference; lastKnownFileType = file.storyboard; name = Base; path = Base.lproj/LaunchScreen.storyboard; sourceTree = "<group>"; };
		04BE0D9C29B38CDB00A3D152 /* Info.plist */ = {isa = PBXFileReference; lastKnownFileType = text.plist.xml; path = Info.plist; sourceTree = "<group>"; };
		04BE0DA229B38F6900A3D152 /* HTTPClient.swift */ = {isa = PBXFileReference; lastKnownFileType = sourcecode.swift; path = HTTPClient.swift; sourceTree = "<group>"; };
		04BE0DA429B38F8F00A3D152 /* NetworkError.swift */ = {isa = PBXFileReference; lastKnownFileType = sourcecode.swift; path = NetworkError.swift; sourceTree = "<group>"; };
		04BE0DA629B3907F00A3D152 /* AnimalService.swift */ = {isa = PBXFileReference; lastKnownFileType = sourcecode.swift; path = AnimalService.swift; sourceTree = "<group>"; };
		04BE0DA829B3964B00A3D152 /* AnimalMapper.swift */ = {isa = PBXFileReference; lastKnownFileType = sourcecode.swift; path = AnimalMapper.swift; sourceTree = "<group>"; };
		04BE0DAA29B3A30300A3D152 /* Animal.swift */ = {isa = PBXFileReference; lastKnownFileType = sourcecode.swift; path = Animal.swift; sourceTree = "<group>"; };
		04BE0DAF29B48A6400A3D152 /* AnimalPresenter.swift */ = {isa = PBXFileReference; lastKnownFileType = sourcecode.swift; path = AnimalPresenter.swift; sourceTree = "<group>"; };
		04BE0DB129B4914600A3D152 /* AnimalCell.swift */ = {isa = PBXFileReference; lastKnownFileType = sourcecode.swift; path = AnimalCell.swift; sourceTree = "<group>"; };
		04BE0DB829B4B30F00A3D152 /* AnimalEndPoint.swift */ = {isa = PBXFileReference; lastKnownFileType = sourcecode.swift; path = AnimalEndPoint.swift; sourceTree = "<group>"; };
		04BE0DBA29B4B41000A3D152 /* Constants.swift */ = {isa = PBXFileReference; lastKnownFileType = sourcecode.swift; path = Constants.swift; sourceTree = "<group>"; };
/* End PBXFileReference section */

/* Begin PBXFrameworksBuildPhase section */
		04BE0D8829B38CDA00A3D152 /* Frameworks */ = {
			isa = PBXFrameworksBuildPhase;
			buildActionMask = 2147483647;
			files = (
				04BE0DB529B494A700A3D152 /* SDWebImage in Frameworks */,
			);
			runOnlyForDeploymentPostprocessing = 0;
		};
/* End PBXFrameworksBuildPhase section */

/* Begin PBXGroup section */
		04BE0D8229B38CDA00A3D152 = {
			isa = PBXGroup;
			children = (
				04BE0D8D29B38CDA00A3D152 /* Animal Crossing MVP */,
				04BE0D8C29B38CDA00A3D152 /* Products */,
			);
			sourceTree = "<group>";
		};
		04BE0D8C29B38CDA00A3D152 /* Products */ = {
			isa = PBXGroup;
			children = (
				04BE0D8B29B38CDA00A3D152 /* Animal Crossing MVP.app */,
			);
			name = Products;
			sourceTree = "<group>";
		};
		04BE0D8D29B38CDA00A3D152 /* Animal Crossing MVP */ = {
			isa = PBXGroup;
			children = (
				04BE0D8E29B38CDA00A3D152 /* AppDelegate.swift */,
				04BE0D9029B38CDA00A3D152 /* SceneDelegate.swift */,
				04BE0DBA29B4B41000A3D152 /* Constants.swift */,
				04BE0DAC29B3A49A00A3D152 /* Model */,
				04BE0DAE29B48A3100A3D152 /* View */,
				04BE0DAD29B48A2000A3D152 /* Presenter */,
				04BE0D9729B38CDB00A3D152 /* Assets.xcassets */,
				04BE0D9929B38CDB00A3D152 /* LaunchScreen.storyboard */,
				04BE0D9C29B38CDB00A3D152 /* Info.plist */,
			);
			path = "Animal Crossing MVP";
			sourceTree = "<group>";
		};
		04BE0DAC29B3A49A00A3D152 /* Model */ = {
			isa = PBXGroup;
			children = (
				04BE0DA229B38F6900A3D152 /* HTTPClient.swift */,
				04BE0DA629B3907F00A3D152 /* AnimalService.swift */,
				04BE0DB829B4B30F00A3D152 /* AnimalEndPoint.swift */,
				04BE0DA829B3964B00A3D152 /* AnimalMapper.swift */,
				04BE0DA429B38F8F00A3D152 /* NetworkError.swift */,
				04BE0DAA29B3A30300A3D152 /* Animal.swift */,
			);
			path = Model;
			sourceTree = "<group>";
		};
		04BE0DAD29B48A2000A3D152 /* Presenter */ = {
			isa = PBXGroup;
			children = (
				04BE0DAF29B48A6400A3D152 /* AnimalPresenter.swift */,
			);
			path = Presenter;
			sourceTree = "<group>";
		};
		04BE0DAE29B48A3100A3D152 /* View */ = {
			isa = PBXGroup;
			children = (
				04BE0D9229B38CDA00A3D152 /* AnimalViewController.swift */,
				04BE0DB129B4914600A3D152 /* AnimalCell.swift */,
			);
			path = View;
			sourceTree = "<group>";
		};
/* End PBXGroup section */

/* Begin PBXNativeTarget section */
		04BE0D8A29B38CDA00A3D152 /* Animal Crossing MVP */ = {
			isa = PBXNativeTarget;
			buildConfigurationList = 04BE0D9F29B38CDB00A3D152 /* Build configuration list for PBXNativeTarget "Animal Crossing MVP" */;
			buildPhases = (
				04BE0D8729B38CDA00A3D152 /* Sources */,
				04BE0D8829B38CDA00A3D152 /* Frameworks */,
				04BE0D8929B38CDA00A3D152 /* Resources */,
			);
			buildRules = (
			);
			dependencies = (
			);
			name = "Animal Crossing MVP";
			packageProductDependencies = (
				04BE0DB429B494A700A3D152 /* SDWebImage */,
			);
			productName = "Animal Crossing MVP";
			productReference = 04BE0D8B29B38CDA00A3D152 /* Animal Crossing MVP.app */;
			productType = "com.apple.product-type.application";
		};
/* End PBXNativeTarget section */

/* Begin PBXProject section */
		04BE0D8329B38CDA00A3D152 /* Project object */ = {
			isa = PBXProject;
			attributes = {
				BuildIndependentTargetsInParallel = 1;
				LastSwiftUpdateCheck = 1420;
				LastUpgradeCheck = 1420;
				TargetAttributes = {
					04BE0D8A29B38CDA00A3D152 = {
						CreatedOnToolsVersion = 14.2;
					};
				};
			};
			buildConfigurationList = 04BE0D8629B38CDA00A3D152 /* Build configuration list for PBXProject "Animal Crossing MVP" */;
			compatibilityVersion = "Xcode 14.0";
			developmentRegion = en;
			hasScannedForEncodings = 0;
			knownRegions = (
				en,
				Base,
			);
			mainGroup = 04BE0D8229B38CDA00A3D152;
			packageReferences = (
				04BE0DB329B494A600A3D152 /* XCRemoteSwiftPackageReference "SDWebImage" */,
			);
			productRefGroup = 04BE0D8C29B38CDA00A3D152 /* Products */;
			projectDirPath = "";
			projectRoot = "";
			targets = (
				04BE0D8A29B38CDA00A3D152 /* Animal Crossing MVP */,
			);
		};
/* End PBXProject section */

/* Begin PBXResourcesBuildPhase section */
		04BE0D8929B38CDA00A3D152 /* Resources */ = {
			isa = PBXResourcesBuildPhase;
			buildActionMask = 2147483647;
			files = (
				04BE0D9B29B38CDB00A3D152 /* LaunchScreen.storyboard in Resources */,
				04BE0D9829B38CDB00A3D152 /* Assets.xcassets in Resources */,
			);
			runOnlyForDeploymentPostprocessing = 0;
		};
/* End PBXResourcesBuildPhase section */

/* Begin PBXSourcesBuildPhase section */
		04BE0D8729B38CDA00A3D152 /* Sources */ = {
			isa = PBXSourcesBuildPhase;
			buildActionMask = 2147483647;
			files = (
				04BE0D9329B38CDA00A3D152 /* AnimalViewController.swift in Sources */,
				04BE0DAB29B3A30300A3D152 /* Animal.swift in Sources */,
				04BE0DA929B3964B00A3D152 /* AnimalMapper.swift in Sources */,
				04BE0D8F29B38CDA00A3D152 /* AppDelegate.swift in Sources */,
				04BE0DA329B38F6900A3D152 /* HTTPClient.swift in Sources */,
				04BE0DA729B3907F00A3D152 /* AnimalService.swift in Sources */,
				04BE0DB029B48A6400A3D152 /* AnimalPresenter.swift in Sources */,
				04BE0DB229B4914600A3D152 /* AnimalCell.swift in Sources */,
				04BE0DB929B4B30F00A3D152 /* AnimalEndPoint.swift in Sources */,
				04BE0D9129B38CDA00A3D152 /* SceneDelegate.swift in Sources */,
				04BE0DA529B38F8F00A3D152 /* NetworkError.swift in Sources */,
				04BE0DBB29B4B41000A3D152 /* Constants.swift in Sources */,
			);
			runOnlyForDeploymentPostprocessing = 0;
		};
/* End PBXSourcesBuildPhase section */

/* Begin PBXVariantGroup section */
		04BE0D9929B38CDB00A3D152 /* LaunchScreen.storyboard */ = {
			isa = PBXVariantGroup;
			children = (
				04BE0D9A29B38CDB00A3D152 /* Base */,
			);
			name = LaunchScreen.storyboard;
			sourceTree = "<group>";
		};
/* End PBXVariantGroup section */

/* Begin XCBuildConfiguration section */
		04BE0D9D29B38CDB00A3D152 /* Debug */ = {
			isa = XCBuildConfiguration;
			buildSettings = {
				ALWAYS_SEARCH_USER_PATHS = NO;
				CLANG_ANALYZER_NONNULL = YES;
				CLANG_ANALYZER_NUMBER_OBJECT_CONVERSION = YES_AGGRESSIVE;
				CLANG_CXX_LANGUAGE_STANDARD = "gnu++20";
				CLANG_ENABLE_MODULES = YES;
				CLANG_ENABLE_OBJC_ARC = YES;
				CLANG_ENABLE_OBJC_WEAK = YES;
				CLANG_WARN_BLOCK_CAPTURE_AUTORELEASING = YES;
				CLANG_WARN_BOOL_CONVERSION = YES;
				CLANG_WARN_COMMA = YES;
				CLANG_WARN_CONSTANT_CONVERSION = YES;
				CLANG_WARN_DEPRECATED_OBJC_IMPLEMENTATIONS = YES;
				CLANG_WARN_DIRECT_OBJC_ISA_USAGE = YES_ERROR;
				CLANG_WARN_DOCUMENTATION_COMMENTS = YES;
				CLANG_WARN_EMPTY_BODY = YES;
				CLANG_WARN_ENUM_CONVERSION = YES;
				CLANG_WARN_INFINITE_RECURSION = YES;
				CLANG_WARN_INT_CONVERSION = YES;
				CLANG_WARN_NON_LITERAL_NULL_CONVERSION = YES;
				CLANG_WARN_OBJC_IMPLICIT_RETAIN_SELF = YES;
				CLANG_WARN_OBJC_LITERAL_CONVERSION = YES;
				CLANG_WARN_OBJC_ROOT_CLASS = YES_ERROR;
				CLANG_WARN_QUOTED_INCLUDE_IN_FRAMEWORK_HEADER = YES;
				CLANG_WARN_RANGE_LOOP_ANALYSIS = YES;
				CLANG_WARN_STRICT_PROTOTYPES = YES;
				CLANG_WARN_SUSPICIOUS_MOVE = YES;
				CLANG_WARN_UNGUARDED_AVAILABILITY = YES_AGGRESSIVE;
				CLANG_WARN_UNREACHABLE_CODE = YES;
				CLANG_WARN__DUPLICATE_METHOD_MATCH = YES;
				COPY_PHASE_STRIP = NO;
				DEBUG_INFORMATION_FORMAT = dwarf;
				ENABLE_STRICT_OBJC_MSGSEND = YES;
				ENABLE_TESTABILITY = YES;
				GCC_C_LANGUAGE_STANDARD = gnu11;
				GCC_DYNAMIC_NO_PIC = NO;
				GCC_NO_COMMON_BLOCKS = YES;
				GCC_OPTIMIZATION_LEVEL = 0;
				GCC_PREPROCESSOR_DEFINITIONS = (
					"DEBUG=1",
					"$(inherited)",
				);
				GCC_WARN_64_TO_32_BIT_CONVERSION = YES;
				GCC_WARN_ABOUT_RETURN_TYPE = YES_ERROR;
				GCC_WARN_UNDECLARED_SELECTOR = YES;
				GCC_WARN_UNINITIALIZED_AUTOS = YES_AGGRESSIVE;
				GCC_WARN_UNUSED_FUNCTION = YES;
				GCC_WARN_UNUSED_VARIABLE = YES;
				IPHONEOS_DEPLOYMENT_TARGET = 16.2;
				MTL_ENABLE_DEBUG_INFO = INCLUDE_SOURCE;
				MTL_FAST_MATH = YES;
				ONLY_ACTIVE_ARCH = YES;
				SDKROOT = iphoneos;
				SWIFT_ACTIVE_COMPILATION_CONDITIONS = DEBUG;
				SWIFT_OPTIMIZATION_LEVEL = "-Onone";
			};
			name = Debug;
		};
		04BE0D9E29B38CDB00A3D152 /* Release */ = {
			isa = XCBuildConfiguration;
			buildSettings = {
				ALWAYS_SEARCH_USER_PATHS = NO;
				CLANG_ANALYZER_NONNULL = YES;
				CLANG_ANALYZER_NUMBER_OBJECT_CONVERSION = YES_AGGRESSIVE;
				CLANG_CXX_LANGUAGE_STANDARD = "gnu++20";
				CLANG_ENABLE_MODULES = YES;
				CLANG_ENABLE_OBJC_ARC = YES;
				CLANG_ENABLE_OBJC_WEAK = YES;
				CLANG_WARN_BLOCK_CAPTURE_AUTORELEASING = YES;
				CLANG_WARN_BOOL_CONVERSION = YES;
				CLANG_WARN_COMMA = YES;
				CLANG_WARN_CONSTANT_CONVERSION = YES;
				CLANG_WARN_DEPRECATED_OBJC_IMPLEMENTATIONS = YES;
				CLANG_WARN_DIRECT_OBJC_ISA_USAGE = YES_ERROR;
				CLANG_WARN_DOCUMENTATION_COMMENTS = YES;
				CLANG_WARN_EMPTY_BODY = YES;
				CLANG_WARN_ENUM_CONVERSION = YES;
				CLANG_WARN_INFINITE_RECURSION = YES;
				CLANG_WARN_INT_CONVERSION = YES;
				CLANG_WARN_NON_LITERAL_NULL_CONVERSION = YES;
				CLANG_WARN_OBJC_IMPLICIT_RETAIN_SELF = YES;
				CLANG_WARN_OBJC_LITERAL_CONVERSION = YES;
				CLANG_WARN_OBJC_ROOT_CLASS = YES_ERROR;
				CLANG_WARN_QUOTED_INCLUDE_IN_FRAMEWORK_HEADER = YES;
				CLANG_WARN_RANGE_LOOP_ANALYSIS = YES;
				CLANG_WARN_STRICT_PROTOTYPES = YES;
				CLANG_WARN_SUSPICIOUS_MOVE = YES;
				CLANG_WARN_UNGUARDED_AVAILABILITY = YES_AGGRESSIVE;
				CLANG_WARN_UNREACHABLE_CODE = YES;
				CLANG_WARN__DUPLICATE_METHOD_MATCH = YES;
				COPY_PHASE_STRIP = NO;
				DEBUG_INFORMATION_FORMAT = "dwarf-with-dsym";
				ENABLE_NS_ASSERTIONS = NO;
				ENABLE_STRICT_OBJC_MSGSEND = YES;
				GCC_C_LANGUAGE_STANDARD = gnu11;
				GCC_NO_COMMON_BLOCKS = YES;
				GCC_WARN_64_TO_32_BIT_CONVERSION = YES;
				GCC_WARN_ABOUT_RETURN_TYPE = YES_ERROR;
				GCC_WARN_UNDECLARED_SELECTOR = YES;
				GCC_WARN_UNINITIALIZED_AUTOS = YES_AGGRESSIVE;
				GCC_WARN_UNUSED_FUNCTION = YES;
				GCC_WARN_UNUSED_VARIABLE = YES;
				IPHONEOS_DEPLOYMENT_TARGET = 16.2;
				MTL_ENABLE_DEBUG_INFO = NO;
				MTL_FAST_MATH = YES;
				SDKROOT = iphoneos;
				SWIFT_COMPILATION_MODE = wholemodule;
				SWIFT_OPTIMIZATION_LEVEL = "-O";
				VALIDATE_PRODUCT = YES;
			};
			name = Release;
		};
		04BE0DA029B38CDB00A3D152 /* Debug */ = {
			isa = XCBuildConfiguration;
			buildSettings = {
				ASSETCATALOG_COMPILER_APPICON_NAME = AppIcon;
				ASSETCATALOG_COMPILER_GLOBAL_ACCENT_COLOR_NAME = AccentColor;
				CODE_SIGN_STYLE = Automatic;
				CURRENT_PROJECT_VERSION = 1;
				DEVELOPMENT_TEAM = 3V3MJH288H;
				GENERATE_INFOPLIST_FILE = YES;
				INFOPLIST_FILE = "Animal Crossing MVP/Info.plist";
				INFOPLIST_KEY_UIApplicationSupportsIndirectInputEvents = YES;
				INFOPLIST_KEY_UILaunchStoryboardName = LaunchScreen;
				INFOPLIST_KEY_UISupportedInterfaceOrientations = UIInterfaceOrientationPortrait;
				LD_RUNPATH_SEARCH_PATHS = (
					"$(inherited)",
					"@executable_path/Frameworks",
				);
				MARKETING_VERSION = 1.0.0;
				PRODUCT_BUNDLE_IDENTIFIER = "com.iosdelgado.Animal-Crossing-MVP";
				PRODUCT_NAME = "$(TARGET_NAME)";
				SWIFT_EMIT_LOC_STRINGS = YES;
				SWIFT_VERSION = 5.0;
				TARGETED_DEVICE_FAMILY = "1,2";
			};
			name = Debug;
		};
		04BE0DA129B38CDB00A3D152 /* Release */ = {
			isa = XCBuildConfiguration;
			buildSettings = {
				ASSETCATALOG_COMPILER_APPICON_NAME = AppIcon;
				ASSETCATALOG_COMPILER_GLOBAL_ACCENT_COLOR_NAME = AccentColor;
				CODE_SIGN_STYLE = Automatic;
				CURRENT_PROJECT_VERSION = 1;
				DEVELOPMENT_TEAM = 3V3MJH288H;
				GENERATE_INFOPLIST_FILE = YES;
				INFOPLIST_FILE = "Animal Crossing MVP/Info.plist";
				INFOPLIST_KEY_UIApplicationSupportsIndirectInputEvents = YES;
				INFOPLIST_KEY_UILaunchStoryboardName = LaunchScreen;
				INFOPLIST_KEY_UISupportedInterfaceOrientations = UIInterfaceOrientationPortrait;
				LD_RUNPATH_SEARCH_PATHS = (
					"$(inherited)",
					"@executable_path/Frameworks",
				);
				MARKETING_VERSION = 1.0.0;
				PRODUCT_BUNDLE_IDENTIFIER = "com.iosdelgado.Animal-Crossing-MVP";
				PRODUCT_NAME = "$(TARGET_NAME)";
				SWIFT_EMIT_LOC_STRINGS = YES;
				SWIFT_VERSION = 5.0;
				TARGETED_DEVICE_FAMILY = "1,2";
			};
			name = Release;
		};
/* End XCBuildConfiguration section */

/* Begin XCConfigurationList section */
		04BE0D8629B38CDA00A3D152 /* Build configuration list for PBXProject "Animal Crossing MVP" */ = {
			isa = XCConfigurationList;
			buildConfigurations = (
				04BE0D9D29B38CDB00A3D152 /* Debug */,
				04BE0D9E29B38CDB00A3D152 /* Release */,
			);
			defaultConfigurationIsVisible = 0;
			defaultConfigurationName = Release;
		};
		04BE0D9F29B38CDB00A3D152 /* Build configuration list for PBXNativeTarget "Animal Crossing MVP" */ = {
			isa = XCConfigurationList;
			buildConfigurations = (
				04BE0DA029B38CDB00A3D152 /* Debug */,
				04BE0DA129B38CDB00A3D152 /* Release */,
			);
			defaultConfigurationIsVisible = 0;
			defaultConfigurationName = Release;
		};
/* End XCConfigurationList section */

/* Begin XCRemoteSwiftPackageReference section */
		04BE0DB329B494A600A3D152 /* XCRemoteSwiftPackageReference "SDWebImage" */ = {
			isa = XCRemoteSwiftPackageReference;
			repositoryURL = "https://github.com/SDWebImage/SDWebImage.git";
			requirement = {
				kind = upToNextMajorVersion;
				minimumVersion = 5.0.0;
			};
		};
/* End XCRemoteSwiftPackageReference section */

/* Begin XCSwiftPackageProductDependency section */
		04BE0DB429B494A700A3D152 /* SDWebImage */ = {
			isa = XCSwiftPackageProductDependency;
			package = 04BE0DB329B494A600A3D152 /* XCRemoteSwiftPackageReference "SDWebImage" */;
			productName = SDWebImage;
		};
/* End XCSwiftPackageProductDependency section */
	};
	rootObject = 04BE0D8329B38CDA00A3D152 /* Project object */;
}
